
Microsoft Visual Studio Solution File, Format Version 12.00
# Visual Studio Version 16
VisualStudioVersion = 16.0.30621.155
MinimumVisualStudioVersion = 10.0.40219.1
Project("{FAE04EC0-301F-11D3-BF4B-00C04F79EFBC}") = "PM.MVC", "PM.MVC\PM.MVC.csproj", "{F4D911FC-85D9-410B-9BFE-0019DA33F62A}"
EndProject
Project("{FAE04EC0-301F-11D3-BF4B-00C04F79EFBC}") = "PM.Webapi", "PM.Webapi\PM.Webapi.csproj", "{0B084777-132A-4D15-873C-67487EB9D4FF}"
EndProject
Project("{FAE04EC0-301F-11D3-BF4B-00C04F79EFBC}") = "PM.Models", "PM.Models\PM.Models.csproj", "{E871481C-6C81-48C6-ADE1-AEE3F09F9584}"
EndProject
Global
	GlobalSection(SolutionConfigurationPlatforms) = preSolution
		Debug|Any CPU = Debug|Any CPU
		Release|Any CPU = Release|Any CPU
	EndGlobalSection
	GlobalSection(ProjectConfigurationPlatforms) = postSolution
		{F4D911FC-85D9-410B-9BFE-0019DA33F62A}.Debug|Any CPU.ActiveCfg = Debug|Any CPU
		{F4D911FC-85D9-410B-9BFE-0019DA33F62A}.Debug|Any CPU.Build.0 = Debug|Any CPU
		{F4D911FC-85D9-410B-9BFE-0019DA33F62A}.Release|Any CPU.ActiveCfg = Release|Any CPU
		{F4D911FC-85D9-410B-9BFE-0019DA33F62A}.Release|Any CPU.Build.0 = Release|Any CPU
		{0B084777-132A-4D15-873C-67487EB9D4FF}.Debug|Any CPU.ActiveCfg = Debug|Any CPU
		{0B084777-132A-4D15-873C-67487EB9D4FF}.Debug|Any CPU.Build.0 = Debug|Any CPU
		{0B084777-132A-4D15-873C-67487EB9D4FF}.Release|Any CPU.ActiveCfg = Release|Any CPU
		{0B084777-132A-4D15-873C-67487EB9D4FF}.Release|Any CPU.Build.0 = Release|Any CPU
		{E871481C-6C81-48C6-ADE1-AEE3F09F9584}.Debug|Any CPU.ActiveCfg = Debug|Any CPU
		{E871481C-6C81-48C6-ADE1-AEE3F09F9584}.Debug|Any CPU.Build.0 = Debug|Any CPU
		{E871481C-6C81-48C6-ADE1-AEE3F09F9584}.Release|Any CPU.ActiveCfg = Release|Any CPU
		{E871481C-6C81-48C6-ADE1-AEE3F09F9584}.Release|Any CPU.Build.0 = Release|Any CPU
	EndGlobalSection
	GlobalSection(SolutionProperties) = preSolution
		HideSolutionNode = FALSE
	EndGlobalSection
	GlobalSection(ExtensibilityGlobals) = postSolution
		SolutionGuid = {4FF7A031-C5AA-4781-B7FD-BCDD5BFA55E6}
	EndGlobalSection
EndGlobal
